
Microsoft Visual Studio Solution File, Format Version 12.00
# Visual Studio Version 17
VisualStudioVersion = 17.7.34031.279
MinimumVisualStudioVersion = 10.0.40219.1
Project("{9A19103F-16F7-4668-BE54-9A1E7A4F7556}") = "ToDoList.Api", "ToDoList.Api\ToDoList.Api.csproj", "{D6FC89B3-C286-4D2B-85CF-42528BF32E67}"
EndProject
Project("{9A19103F-16F7-4668-BE54-9A1E7A4F7556}") = "ToDoList.Api.IntegrationTests", "ToDoList.Api.IntegrationTests\ToDoList.Api.IntegrationTests.csproj", "{89D5699B-740F-47EB-BE1C-367E998ADCA3}"
EndProject
Project("{9A19103F-16F7-4668-BE54-9A1E7A4F7556}") = "ToDoList.Api.UnitTests", "ToDoList.Api.UnitTests\ToDoList.Api.UnitTests.csproj", "{7E332D9B-F813-43DA-BABC-F05E383AFCDF}"
EndProject
Project("{9A19103F-16F7-4668-BE54-9A1E7A4F7556}") = "TodoItems.Core", "..\TodoItems\TodoItems.Core\TodoItems.Core.csproj", "{7854304E-8D47-4EAC-B4C3-E4A58CE7888B}"
EndProject
Project("{9A19103F-16F7-4668-BE54-9A1E7A4F7556}") = "TodoItems.Test", "..\TodoItems\TodoItems.Test\TodoItems.Test.csproj", "{9F3F56CA-88E6-45C0-AD90-9BD91C8D93DA}"
EndProject
Project("{9A19103F-16F7-4668-BE54-9A1E7A4F7556}") = "ToDoList.Api.ApiTests", "ToDoList.Api.ApiTests\ToDoList.Api.ApiTests.csproj", "{09E1A38B-D037-4545-B90F-1570EBE0E8B1}"
EndProject
Project("{9A19103F-16F7-4668-BE54-9A1E7A4F7556}") = "TodoItem.Infrastructure", "..\TodoItems\TodoItem.Infrastructure\TodoItem.Infrastructure.csproj", "{596175E8-2274-47A3-B036-24FF45F632EC}"
EndProject
Global
	GlobalSection(SolutionConfigurationPlatforms) = preSolution
		Debug|Any CPU = Debug|Any CPU
		Release|Any CPU = Release|Any CPU
	EndGlobalSection
	GlobalSection(ProjectConfigurationPlatforms) = postSolution
		{D6FC89B3-C286-4D2B-85CF-42528BF32E67}.Debug|Any CPU.ActiveCfg = Debug|Any CPU
		{D6FC89B3-C286-4D2B-85CF-42528BF32E67}.Debug|Any CPU.Build.0 = Debug|Any CPU
		{D6FC89B3-C286-4D2B-85CF-42528BF32E67}.Release|Any CPU.ActiveCfg = Release|Any CPU
		{D6FC89B3-C286-4D2B-85CF-42528BF32E67}.Release|Any CPU.Build.0 = Release|Any CPU
		{89D5699B-740F-47EB-BE1C-367E998ADCA3}.Debug|Any CPU.ActiveCfg = Debug|Any CPU
		{89D5699B-740F-47EB-BE1C-367E998ADCA3}.Debug|Any CPU.Build.0 = Debug|Any CPU
		{89D5699B-740F-47EB-BE1C-367E998ADCA3}.Release|Any CPU.ActiveCfg = Release|Any CPU
		{89D5699B-740F-47EB-BE1C-367E998ADCA3}.Release|Any CPU.Build.0 = Release|Any CPU
		{7E332D9B-F813-43DA-BABC-F05E383AFCDF}.Debug|Any CPU.ActiveCfg = Debug|Any CPU
		{7E332D9B-F813-43DA-BABC-F05E383AFCDF}.Debug|Any CPU.Build.0 = Debug|Any CPU
		{7E332D9B-F813-43DA-BABC-F05E383AFCDF}.Release|Any CPU.ActiveCfg = Release|Any CPU
		{7E332D9B-F813-43DA-BABC-F05E383AFCDF}.Release|Any CPU.Build.0 = Release|Any CPU
		{7854304E-8D47-4EAC-B4C3-E4A58CE7888B}.Debug|Any CPU.ActiveCfg = Debug|Any CPU
		{7854304E-8D47-4EAC-B4C3-E4A58CE7888B}.Debug|Any CPU.Build.0 = Debug|Any CPU
		{7854304E-8D47-4EAC-B4C3-E4A58CE7888B}.Release|Any CPU.ActiveCfg = Release|Any CPU
		{7854304E-8D47-4EAC-B4C3-E4A58CE7888B}.Release|Any CPU.Build.0 = Release|Any CPU
		{9F3F56CA-88E6-45C0-AD90-9BD91C8D93DA}.Debug|Any CPU.ActiveCfg = Debug|Any CPU
		{9F3F56CA-88E6-45C0-AD90-9BD91C8D93DA}.Debug|Any CPU.Build.0 = Debug|Any CPU
		{9F3F56CA-88E6-45C0-AD90-9BD91C8D93DA}.Release|Any CPU.ActiveCfg = Release|Any CPU
		{9F3F56CA-88E6-45C0-AD90-9BD91C8D93DA}.Release|Any CPU.Build.0 = Release|Any CPU
		{09E1A38B-D037-4545-B90F-1570EBE0E8B1}.Debug|Any CPU.ActiveCfg = Debug|Any CPU
		{09E1A38B-D037-4545-B90F-1570EBE0E8B1}.Debug|Any CPU.Build.0 = Debug|Any CPU
		{09E1A38B-D037-4545-B90F-1570EBE0E8B1}.Release|Any CPU.ActiveCfg = Release|Any CPU
		{09E1A38B-D037-4545-B90F-1570EBE0E8B1}.Release|Any CPU.Build.0 = Release|Any CPU
		{596175E8-2274-47A3-B036-24FF45F632EC}.Debug|Any CPU.ActiveCfg = Debug|Any CPU
		{596175E8-2274-47A3-B036-24FF45F632EC}.Debug|Any CPU.Build.0 = Debug|Any CPU
		{596175E8-2274-47A3-B036-24FF45F632EC}.Release|Any CPU.ActiveCfg = Release|Any CPU
		{596175E8-2274-47A3-B036-24FF45F632EC}.Release|Any CPU.Build.0 = Release|Any CPU
	EndGlobalSection
	GlobalSection(SolutionProperties) = preSolution
		HideSolutionNode = FALSE
	EndGlobalSection
	GlobalSection(ExtensibilityGlobals) = postSolution
		SolutionGuid = {3414BA37-AB2B-4EDF-85AB-7C0A075C3326}
	EndGlobalSection
EndGlobal
